{
  "lockfile-version": 1,
  "manifest": {
    "schema-version": "1.10.0",
    "install": {
      "ack": {
        "pkg-path": "ack"
      },
      "fortune": {
        "pkg-path": "fortune"
      },
      "gnumake": {
        "pkg-path": "gnumake",
        "outputs": "all"
      },
      "go": {
        "pkg-path": "go"
      },
      "jq": {
        "pkg-path": "jq",
        "outputs": "all"
      },
      "nodejs": {
        "pkg-path": "nodejs",
        "outputs": "all"
      }
    },
    "hook": {},
    "profile": {},
    "options": {
      "systems": [
        "aarch64-darwin",
        "aarch64-linux",
        "x86_64-darwin",
        "x86_64-linux"
      ]
    }
  },
  "packages": [
    {
      "attr_path": "ack",
      "broken": false,
      "derivation": "/nix/store/a80w2rd2kwn8pb1hb2a3mci1hdv56y4h-perl5.42.0-ack-3.9.0.drv",
      "description": "Grep-like tool tailored to working with large trees of source code",
      "install_id": "ack",
      "license": "[ Artistic-2.0 ]",
      "locked_url": "https://github.com/flox/nixpkgs?rev=64c08a7ca051951c8eae34e3e3cb1e202fe36786",
      "name": "perl5.42.0-ack-3.9.0",
      "pname": "ack",
      "rev": "64c08a7ca051951c8eae34e3e3cb1e202fe36786",
      "rev_count": 1004030,
      "rev_date": "2026-05-23T18:24:25Z",
      "scrape_date": "2026-05-26T07:06:02.280186Z",
      "stabilities": [
        "unstable"
      ],
      "unfree": false,
      "version": "3.9.0",
      "outputs_to_install": [
        "man",
        "out"
      ],
      "outputs": {
        "man": "/nix/store/g9zlnyxg4rvicfh84vf9mc5sq3k1f67q-perl5.42.0-ack-3.9.0-man",
        "out": "/nix/store/14hq5vq8bblkzh50hafv721xa5mdwnr6-perl5.42.0-ack-3.9.0"
      },
      "system": "aarch64-darwin",
      "group": "toplevel",
      "priority": 5
    },
    {
      "attr_path": "ack",
      "broken": false,
      "derivation": "/nix/store/0349a4gqf86rcgl3c1f2fcizdl4zy9wz-perl5.42.0-ack-3.9.0.drv",
      "description": "Grep-like tool tailored to working with large trees of source code",
      "install_id": "ack",
      "license": "[ Artistic-2.0 ]",
      "locked_url": "https://github.com/flox/nixpkgs?rev=64c08a7ca051951c8eae34e3e3cb1e202fe36786",
      "name": "perl5.42.0-ack-3.9.0",
      "pname": "ack",
      "rev": "64c08a7ca051951c8eae34e3e3cb1e202fe36786",
      "rev_count": 1004030,
      "rev_date": "2026-05-23T18:24:25Z",
      "scrape_date": "2026-05-26T07:34:25.580520Z",
      "stabilities": [
        "unstable"
      ],
      "unfree": false,
      "version": "3.9.0",
      "outputs_to_install": [
        "man",
        "out"
      ],
      "outputs": {
        "man": "/nix/store/r4f81pvd3hlijjyw9xa4a9cazgk2hzmp-perl5.42.0-ack-3.9.0-man",
        "out": "/nix/store/8yxzknjwdq6yh4ix9xkxrp87201jmma2-perl5.42.0-ack-3.9.0"
      },
      "system": "aarch64-linux",
      "group": "toplevel",
      "priority": 5
    },
    {
      "attr_path": "ack",
      "broken": false,
      "derivation": "/nix/store/0y9hsyqaz9v764w0wqcyqd5ckidw4zf0-perl5.42.0-ack-3.9.0.drv",
      "description": "Grep-like tool tailored to working with large trees of source code",
      "install_id": "ack",
      "license": "[ Artistic-2.0 ]",
      "locked_url": "https://github.com/flox/nixpkgs?rev=64c08a7ca051951c8eae34e3e3cb1e202fe36786",
      "name": "perl5.42.0-ack-3.9.0",
      "pname": "ack",
      "rev": "64c08a7ca051951c8eae34e3e3cb1e202fe36786",
      "rev_count": 1004030,
      "rev_date": "2026-05-23T18:24:25Z",
      "scrape_date": "2026-05-26T08:02:11.692677Z",
      "stabilities": [
        "unstable"
      ],
      "unfree": false,
      "version": "3.9.0",
      "outputs_to_install": [
        "man",
        "out"
      ],
      "outputs": {
        "man": "/nix/store/mh97b2p0jd355wmsrj2q701n204xw3a7-perl5.42.0-ack-3.9.0-man",
        "out": "/nix/store/bf5nqz291g7lcv8r5vif7l9vibdpjhwg-perl5.42.0-ack-3.9.0"
      },
      "system": "x86_64-darwin",
      "group": "toplevel",
      "priority": 5
    },
    {
      "attr_path": "ack",
      "broken": false,
      "derivation": "/nix/store/n6pfbi30lfkbgzsdd566d9d7z8adhjzk-perl5.42.0-ack-3.9.0.drv",
      "description": "Grep-like tool tailored to working with large trees of source code",
      "install_id": "ack",
      "license": "[ Artistic-2.0 ]",
      "locked_url": "https://github.com/flox/nixpkgs?rev=64c08a7ca051951c8eae34e3e3cb1e202fe36786",
      "name": "perl5.42.0-ack-3.9.0",
      "pname": "ack",
      "rev": "64c08a7ca051951c8eae34e3e3cb1e202fe36786",
      "rev_count": 1004030,
      "rev_date": "2026-05-23T18:24:25Z",
      "scrape_date": "2026-05-26T08:32:50.672987Z",
      "stabilities": [
        "unstable"
      ],
      "unfree": false,
      "version": "3.9.0",
      "outputs_to_install": [
        "man",
        "out"
      ],
      "outputs": {
        "man": "/nix/store/diym58nsw7cpb7jzgvm3vnxnmasi4pk2-perl5.42.0-ack-3.9.0-man",
        "out": "/nix/store/bg0ivaq1qgqq32k86fa2ljkpwbwvfqb0-perl5.42.0-ack-3.9.0"
      },
      "system": "x86_64-linux",
      "group": "toplevel",
      "priority": 5
    },
    {
      "attr_path": "fortune",
      "broken": false,
      "derivation": "/nix/store/7kx23hy3jmsay5vvnaqh378h0c6zgd3v-fortune-mod-3.26.0.drv",
      "description": "Program that displays a pseudorandom message from a database of quotations",
      "install_id": "fortune",
      "license": "BSD-4-Clause",
      "locked_url": "https://github.com/flox/nixpkgs?rev=64c08a7ca051951c8eae34e3e3cb1e202fe36786",
      "name": "fortune-mod-3.26.0",
      "pname": "fortune",
      "rev": "64c08a7ca051951c8eae34e3e3cb1e202fe36786",
      "rev_count": 1004030,
      "rev_date": "2026-05-23T18:24:25Z",
      "scrape_date": "2026-05-26T07:06:03.672868Z",
      "stabilities": [
        "unstable"
      ],
      "unfree": false,
      "version": "3.26.0",
      "outputs_to_install": [
        "out"
      ],
      "outputs": {
        "out": "/nix/store/wf9jzv6kl4gjlvk6kc1paagaqlqcf8fx-fortune-mod-3.26.0"
      },
      "system": "aarch64-darwin",
      "group": "toplevel",
      "priority": 5
    },
    {
      "attr_path": "fortune",
      "broken": false,
      "derivation": "/nix/store/3hqvim78f1ffa5wm0wqgvg43ncaym5ii-fortune-mod-3.26.0.drv",
      "description": "Program that displays a pseudorandom message from a database of quotations",
      "install_id": "fortune",
      "license": "BSD-4-Clause",
      "locked_url": "https://github.com/flox/nixpkgs?rev=64c08a7ca051951c8eae34e3e3cb1e202fe36786",
      "name": "fortune-mod-3.26.0",
      "pname": "fortune",
      "rev": "64c08a7ca051951c8eae34e3e3cb1e202fe36786",
      "rev_count": 1004030,
      "rev_date": "2026-05-23T18:24:25Z",
      "scrape_date": "2026-05-26T07:34:27.306173Z",
      "stabilities": [
        "unstable"
      ],
      "unfree": false,
      "version": "3.26.0",
      "outputs_to_install": [
        "out"
      ],
      "outputs": {
        "out": "/nix/store/nxr85cdpqw8622b0b2ws71xhw1pka9fm-fortune-mod-3.26.0"
      },
      "system": "aarch64-linux",
      "group": "toplevel",
      "priority": 5
    },
    {
      "attr_path": "fortune",
      "broken": false,
      "derivation": "/nix/store/nh21vq88jwh8p7ky4m0zsnjzh5xyk2km-fortune-mod-3.26.0.drv",
      "description": "Program that displays a pseudorandom message from a database of quotations",
      "install_id": "fortune",
      "license": "BSD-4-Clause",
      "locked_url": "https://github.com/flox/nixpkgs?rev=64c08a7ca051951c8eae34e3e3cb1e202fe36786",
      "name": "fortune-mod-3.26.0",
      "pname": "fortune",
      "rev": "64c08a7ca051951c8eae34e3e3cb1e202fe36786",
      "rev_count": 1004030,
      "rev_date": "2026-05-23T18:24:25Z",
      "scrape_date": "2026-05-26T08:02:12.862450Z",
      "stabilities": [
        "unstable"
      ],
      "unfree": false,
      "version": "3.26.0",
      "outputs_to_install": [
        "out"
      ],
      "outputs": {
        "out": "/nix/store/wb7msiawlnkmbhlqmr108381lhpcg8s7-fortune-mod-3.26.0"
      },
      "system": "x86_64-darwin",
      "group": "toplevel",
      "priority": 5
    },
    {
      "attr_path": "fortune",
      "broken": false,
      "derivation": "/nix/store/9y383v2nc8sw532x7kbixp4bj21grs4j-fortune-mod-3.26.0.drv",
      "description": "Program that displays a pseudorandom message from a database of quotations",
      "install_id": "fortune",
      "license": "BSD-4-Clause",
      "locked_url": "https://github.com/flox/nixpkgs?rev=64c08a7ca051951c8eae34e3e3cb1e202fe36786",
      "name": "fortune-mod-3.26.0",
      "pname": "fortune",
      "rev": "64c08a7ca051951c8eae34e3e3cb1e202fe36786",
      "rev_count": 1004030,
      "rev_date": "2026-05-23T18:24:25Z",
      "scrape_date": "2026-05-26T08:32:52.502638Z",
      "stabilities": [
        "unstable"
      ],
      "unfree": false,
      "version": "3.26.0",
      "outputs_to_install": [
        "out"
      ],
      "outputs": {
        "out": "/nix/store/jcaxd5fa5526fbsjgh0mzzazq7mzdb7g-fortune-mod-3.26.0"
      },
      "system": "x86_64-linux",
      "group": "toplevel",
      "priority": 5
    },
    {
      "attr_path": "gnumake",
      "broken": false,
      "derivation": "/nix/store/kpylm5v2c10jkmpjfll8jk9vc0icnzmf-gnumake-4.4.1.drv",
      "description": "Tool to control the generation of non-source files from sources",
      "install_id": "gnumake",
      "license": "GPL-3.0-or-later",
      "locked_url": "https://github.com/flox/nixpkgs?rev=64c08a7ca051951c8eae34e3e3cb1e202fe36786",
      "name": "gnumake-4.4.1",
      "pname": "gnumake",
      "rev": "64c08a7ca051951c8eae34e3e3cb1e202fe36786",
      "rev_count": 1004030,
      "rev_date": "2026-05-23T18:24:25Z",
      "scrape_date": "2026-05-26T07:06:03.974647Z",
      "stabilities": [
        "unstable"
      ],
      "unfree": false,
      "version": "4.4.1",
      "outputs_to_install": [
        "man",
        "out"
      ],
      "outputs": {
        "doc": "/nix/store/sl2ygvgjg4ml8dhyfxj5kh84x2bs1mhc-gnumake-4.4.1-doc",
        "info": "/nix/store/6dbp1ysgxsrrn7xgjgf523faqrm605a5-gnumake-4.4.1-info",
        "man": "/nix/store/wdm9prq35jlgwq6rjyhqxy4jzy833sfr-gnumake-4.4.1-man",
        "out": "/nix/store/8wwiw8pwyhrkzyq28hqzxfl4z84lks81-gnumake-4.4.1"
      },
      "system": "aarch64-darwin",
      "group": "toplevel",
      "priority": 5
    },
    {
      "attr_path": "gnumake",
      "broken": false,
      "derivation": "/nix/store/5i4kfrpjrag02vk2n04ndvfbsb086kkq-gnumake-4.4.1.drv",
      "description": "Tool to control the generation of non-source files from sources",
      "install_id": "gnumake",
      "license": "GPL-3.0-or-later",
      "locked_url": "https://github.com/flox/nixpkgs?rev=64c08a7ca051951c8eae34e3e3cb1e202fe36786",
      "name": "gnumake-4.4.1",
      "pname": "gnumake",
      "rev": "64c08a7ca051951c8eae34e3e3cb1e202fe36786",
      "rev_count": 1004030,
      "rev_date": "2026-05-23T18:24:25Z",
      "scrape_date": "2026-05-26T07:34:28.288092Z",
      "stabilities": [
        "unstable"
      ],
      "unfree": false,
      "version": "4.4.1",
      "outputs_to_install": [
        "man",
        "out"
      ],
      "outputs": {
        "debug": "/nix/store/mdv67w2xvchbs76zjdzppdkk64z5avki-gnumake-4.4.1-debug",
        "doc": "/nix/store/bybbj9avk3g107mwhgvkzkpm6mkbl8gv-gnumake-4.4.1-doc",
        "info": "/nix/store/bxdqxx2q13sj15ss8z5l33jd31x55j5l-gnumake-4.4.1-info",
        "man": "/nix/store/dg3aa71vii59scbfhi02cdxnps64x6ql-gnumake-4.4.1-man",
        "out": "/nix/store/9ngw1ippk25jjj5fjxv36xbp6iq7rxdx-gnumake-4.4.1"
      },
      "system": "aarch64-linux",
      "group": "toplevel",
      "priority": 5
    },
    {
      "attr_path": "gnumake",
      "broken": false,
      "derivation": "/nix/store/kjvd8gg79gj0ap9ly81zdlnad60qw9cm-gnumake-4.4.1.drv",
      "description": "Tool to control the generation of non-source files from sources",
      "install_id": "gnumake",
      "license": "GPL-3.0-or-later",
      "locked_url": "https://github.com/flox/nixpkgs?rev=64c08a7ca051951c8eae34e3e3cb1e202fe36786",
      "name": "gnumake-4.4.1",
      "pname": "gnumake",
      "rev": "64c08a7ca051951c8eae34e3e3cb1e202fe36786",
      "rev_count": 1004030,
      "rev_date": "2026-05-23T18:24:25Z",
      "scrape_date": "2026-05-26T08:02:13.186103Z",
      "stabilities": [
        "unstable"
      ],
      "unfree": false,
      "version": "4.4.1",
      "outputs_to_install": [
        "man",
        "out"
      ],
      "outputs": {
        "doc": "/nix/store/s9y438l347nky6rkl1wfk2y3b0d9i636-gnumake-4.4.1-doc",
        "info": "/nix/store/apljbm6plyajbfrnwif0a2d4nx6w0cpf-gnumake-4.4.1-info",
        "man": "/nix/store/m2ba4bwmfgh994xbg1iqm6zj1mdrq8h7-gnumake-4.4.1-man",
        "out": "/nix/store/60y2hs45l18g56ykw9789b5vhhi2ls5q-gnumake-4.4.1"
      },
      "system": "x86_64-darwin",
      "group": "toplevel",
      "priority": 5
    },
    {
      "attr_path": "gnumake",
      "broken": false,
      "derivation": "/nix/store/7r4i2k0iihf294fij4fharxs9ph4xy7i-gnumake-4.4.1.drv",
      "description": "Tool to control the generation of non-source files from sources",
      "install_id": "gnumake",
      "license": "GPL-3.0-or-later",
      "locked_url": "https://github.com/flox/nixpkgs?rev=64c08a7ca051951c8eae34e3e3cb1e202fe36786",
      "name": "gnumake-4.4.1",
      "pname": "gnumake",
      "rev": "64c08a7ca051951c8eae34e3e3cb1e202fe36786",
      "rev_count": 1004030,
      "rev_date": "2026-05-23T18:24:25Z",
      "scrape_date": "2026-05-26T08:32:53.551884Z",
      "stabilities": [
        "unstable"
      ],
      "unfree": false,
      "version": "4.4.1",
      "outputs_to_install": [
        "man",
        "out",
        "out",
        "out"
      ],
      "outputs": {
        "debug": "/nix/store/q683z843wi7xs96pngh1kinnx88vn2if-gnumake-4.4.1-debug",
        "doc": "/nix/store/wxg27bzsljjw4k72m9b2v6a0fx5a68s0-gnumake-4.4.1-doc",
        "info": "/nix/store/03d41qgjsrhcr3fzq2z99ry07rahnj0v-gnumake-4.4.1-info",
        "man": "/nix/store/bmvqa5ym318mymhxlwwmxq8wxal958p4-gnumake-4.4.1-man",
        "out": "/nix/store/d3bwqm6bymhy3pdgbvf7vxjqfp31m3j1-gnumake-4.4.1"
      },
      "system": "x86_64-linux",
      "group": "toplevel",
      "priority": 5
    },
    {
      "attr_path": "go",
      "broken": false,
      "derivation": "/nix/store/blzdb50chabvbv43zdnhdgw36kwbkjkn-go-1.26.3.drv",
      "description": "Go Programming language",
      "install_id": "go",
      "license": "BSD-3-Clause",
      "locked_url": "https://github.com/flox/nixpkgs?rev=64c08a7ca051951c8eae34e3e3cb1e202fe36786",
      "name": "go-1.26.3",
      "pname": "go",
      "rev": "64c08a7ca051951c8eae34e3e3cb1e202fe36786",
      "rev_count": 1004030,
      "rev_date": "2026-05-23T18:24:25Z",
      "scrape_date": "2026-05-26T07:06:03.983798Z",
      "stabilities": [
        "unstable"
      ],
      "unfree": false,
      "version": "1.26.3",
      "outputs_to_install": [
        "out"
      ],
      "outputs": {
        "out": "/nix/store/7ycp8j45iay38g9mjaxmy4jhwdsrb47y-go-1.26.3"
      },
      "system": "aarch64-darwin",
      "group": "toplevel",
      "priority": 5
    },
    {
      "attr_path": "go",
      "broken": false,
      "derivation": "/nix/store/jki0pzi8p9kmdq1dls14kqqqz4idv7jg-go-1.26.3.drv",
      "description": "Go Programming language",
      "install_id": "go",
      "license": "BSD-3-Clause",
      "locked_url": "https://github.com/flox/nixpkgs?rev=64c08a7ca051951c8eae34e3e3cb1e202fe36786",
      "name": "go-1.26.3",
      "pname": "go",
      "rev": "64c08a7ca051951c8eae34e3e3cb1e202fe36786",
      "rev_count": 1004030,
      "rev_date": "2026-05-23T18:24:25Z",
      "scrape_date": "2026-05-26T07:34:28.305120Z",
      "stabilities": [
        "unstable"
      ],
      "unfree": false,
      "version": "1.26.3",
      "outputs_to_install": [
        "out"
      ],
      "outputs": {
        "out": "/nix/store/jkcwcbwvhgzmxg59798z4clmj4bfv42i-go-1.26.3"
      },
      "system": "aarch64-linux",
      "group": "toplevel",
      "priority": 5
    },
    {
      "attr_path": "go",
      "broken": false,
      "derivation": "/nix/store/7n0xa4zykbwpfpgvjgwq5xhwgwba5zy5-go-1.26.3.drv",
      "description": "Go Programming language",
      "install_id": "go",
      "license": "BSD-3-Clause",
      "locked_url": "https://github.com/flox/nixpkgs?rev=64c08a7ca051951c8eae34e3e3cb1e202fe36786",
      "name": "go-1.26.3",
      "pname": "go",
      "rev": "64c08a7ca051951c8eae34e3e3cb1e202fe36786",
      "rev_count": 1004030,
      "rev_date": "2026-05-23T18:24:25Z",
      "scrape_date": "2026-05-26T08:02:13.195478Z",
      "stabilities": [
        "unstable"
      ],
      "unfree": false,
      "version": "1.26.3",
      "outputs_to_install": [
        "out"
      ],
      "outputs": {
        "out": "/nix/store/3f2jzvxmhhlarjqxy1p7i9r5l34siz29-go-1.26.3"
      },
      "system": "x86_64-darwin",
      "group": "toplevel",
      "priority": 5
    },
    {
      "attr_path": "go",
      "broken": false,
      "derivation": "/nix/store/8w69p8dq6b2w07g6wpind27bm761k38d-go-1.26.3.drv",
      "description": "Go Programming language",
      "install_id": "go",
      "license": "BSD-3-Clause",
      "locked_url": "https://github.com/flox/nixpkgs?rev=64c08a7ca051951c8eae34e3e3cb1e202fe36786",
      "name": "go-1.26.3",
      "pname": "go",
      "rev": "64c08a7ca051951c8eae34e3e3cb1e202fe36786",
      "rev_count": 1004030,
      "rev_date": "2026-05-23T18:24:25Z",
      "scrape_date": "2026-05-26T08:32:53.567914Z",
      "stabilities": [
        "unstable"
      ],
      "unfree": false,
      "version": "1.26.3",
      "outputs_to_install": [
        "out"
      ],
      "outputs": {
        "out": "/nix/store/33fw5m31lfcnk4ff2f0df7j2bxnh8lgk-go-1.26.3"
      },
      "system": "x86_64-linux",
      "group": "toplevel",
      "priority": 5
    },
    {
      "attr_path": "jq",
      "broken": false,
      "derivation": "/nix/store/cvnbxrmdxd58rnk7ykw2ms1m0dqzlx3k-jq-1.8.1.drv",
      "description": "Lightweight and flexible command-line JSON processor",
      "install_id": "jq",
      "license": "MIT",
      "locked_url": "https://github.com/flox/nixpkgs?rev=64c08a7ca051951c8eae34e3e3cb1e202fe36786",
      "name": "jq-1.8.1",
      "pname": "jq",
      "rev": "64c08a7ca051951c8eae34e3e3cb1e202fe36786",
      "rev_count": 1004030,
      "rev_date": "2026-05-23T18:24:25Z",
      "scrape_date": "2026-05-26T07:06:20.133792Z",
      "stabilities": [
        "unstable"
      ],
      "unfree": false,
      "version": "1.8.1",
      "outputs_to_install": [
        "bin",
        "man"
      ],
      "outputs": {
        "bin": "/nix/store/d551vj6hjc2bqiyg8dim6lv1v1xw7841-jq-1.8.1-bin",
        "dev": "/nix/store/dy2cgp8adlm5gl3hkpykcgccv4dlhawb-jq-1.8.1-dev",
        "doc": "/nix/store/afjz34n0jz7a0zjjp6qkvnxqph53ifbw-jq-1.8.1-doc",
        "man": "/nix/store/cyykpwx7q87ryqyhkz4slm163300rzjh-jq-1.8.1-man",
        "out": "/nix/store/yj3m8xi9h48mz4i7732zcwbqbb8bl402-jq-1.8.1"
      },
      "system": "aarch64-darwin",
      "group": "toplevel",
      "priority": 5
    },
    {
      "attr_path": "jq",
      "broken": false,
      "derivation": "/nix/store/l7mirx9h06ncif7d3r88fqc0zirs989z-jq-1.8.1.drv",
      "description": "Lightweight and flexible command-line JSON processor",
      "install_id": "jq",
      "license": "MIT",
      "locked_url": "https://github.com/flox/nixpkgs?rev=64c08a7ca051951c8eae34e3e3cb1e202fe36786",
      "name": "jq-1.8.1",
      "pname": "jq",
      "rev": "64c08a7ca051951c8eae34e3e3cb1e202fe36786",
      "rev_count": 1004030,
      "rev_date": "2026-05-23T18:24:25Z",
      "scrape_date": "2026-05-26T07:34:48.825523Z",
      "stabilities": [
        "unstable"
      ],
      "unfree": false,
      "version": "1.8.1",
      "outputs_to_install": [
        "bin",
        "bin",
        "man"
      ],
      "outputs": {
        "bin": "/nix/store/d6mx57dmjq61j69ap45f6fm3jb0lslyc-jq-1.8.1-bin",
        "dev": "/nix/store/qv69wdjr2zd2w6yg5n8lxfn6c8mg4bwf-jq-1.8.1-dev",
        "doc": "/nix/store/fway55wsvvly58sz7zn7vlq68v0q1ig3-jq-1.8.1-doc",
        "man": "/nix/store/bnwzc47h7zhc3zwkjmy4br8jd2ki9pyj-jq-1.8.1-man",
        "out": "/nix/store/6y9n87w9lsk3x0fscm6kfirk3ssc0syr-jq-1.8.1"
      },
      "system": "aarch64-linux",
      "group": "toplevel",
      "priority": 5
    },
    {
      "attr_path": "jq",
      "broken": false,
      "derivation": "/nix/store/1m9z7lxp9mdbz5vl2fwmdzdrlnwxi82z-jq-1.8.1.drv",
      "description": "Lightweight and flexible command-line JSON processor",
      "install_id": "jq",
      "license": "MIT",
      "locked_url": "https://github.com/flox/nixpkgs?rev=64c08a7ca051951c8eae34e3e3cb1e202fe36786",
      "name": "jq-1.8.1",
      "pname": "jq",
      "rev": "64c08a7ca051951c8eae34e3e3cb1e202fe36786",
      "rev_count": 1004030,
      "rev_date": "2026-05-23T18:24:25Z",
      "scrape_date": "2026-05-26T08:02:29.165203Z",
      "stabilities": [
        "unstable"
      ],
      "unfree": false,
      "version": "1.8.1",
      "outputs_to_install": [
        "bin",
        "man"
      ],
      "outputs": {
        "bin": "/nix/store/pnm2frw3jwfrlycf730z5bfgixiyjal4-jq-1.8.1-bin",
        "dev": "/nix/store/hg1vhcfr1lwv39vn84cijdn187jmcfnj-jq-1.8.1-dev",
        "doc": "/nix/store/mzarfihn2c84s6qw7zp0rbbj7hb09dv2-jq-1.8.1-doc",
        "man": "/nix/store/0yyamki3lhy0rp6vn45mn6cdhqb2c64a-jq-1.8.1-man",
        "out": "/nix/store/8c9m07iqwczlfzx1sk0c5g2a9nnzvhc3-jq-1.8.1"
      },
      "system": "x86_64-darwin",
      "group": "toplevel",
      "priority": 5
    },
    {
      "attr_path": "jq",
      "broken": false,
      "derivation": "/nix/store/hvdnz13lnsmi1h7hd5clvr10b910a35k-jq-1.8.1.drv",
      "description": "Lightweight and flexible command-line JSON processor",
      "install_id": "jq",
      "license": "MIT",
      "locked_url": "https://github.com/flox/nixpkgs?rev=64c08a7ca051951c8eae34e3e3cb1e202fe36786",
      "name": "jq-1.8.1",
      "pname": "jq",
      "rev": "64c08a7ca051951c8eae34e3e3cb1e202fe36786",
      "rev_count": 1004030,
      "rev_date": "2026-05-23T18:24:25Z",
      "scrape_date": "2026-05-26T08:33:14.289978Z",
      "stabilities": [
        "unstable"
      ],
      "unfree": false,
      "version": "1.8.1",
      "outputs_to_install": [
        "bin",
        "bin",
        "bin",
        "bin",
        "man"
      ],
      "outputs": {
        "bin": "/nix/store/s04d6wm3kqjdgr7zdhlk214f6a2291ks-jq-1.8.1-bin",
        "dev": "/nix/store/fmsvbcz2s85pmszdvwp4mhlamiv5lnzg-jq-1.8.1-dev",
        "doc": "/nix/store/hhh2h4x4rhh6qbqa6620bvhz652cgw4m-jq-1.8.1-doc",
        "man": "/nix/store/ncw52xsl5hgplh8csybbp9fli64iw1aq-jq-1.8.1-man",
        "out": "/nix/store/7a1hndk12kz9wwh9sz8hzkkwgxq6rrnk-jq-1.8.1"
      },
      "system": "x86_64-linux",
      "group": "toplevel",
      "priority": 5
    },
    {
      "attr_path": "nodejs",
      "broken": false,
      "derivation": "/nix/store/4f7gz4vdm9msfw3958cy6d7b4mn8zcpn-nodejs-24.15.0.drv",
      "description": "Event-driven I/O framework for the V8 JavaScript engine",
      "install_id": "nodejs",
      "license": "MIT",
      "locked_url": "https://github.com/flox/nixpkgs?rev=64c08a7ca051951c8eae34e3e3cb1e202fe36786",
      "name": "nodejs-24.15.0",
      "pname": "nodejs",
      "rev": "64c08a7ca051951c8eae34e3e3cb1e202fe36786",
      "rev_count": 1004030,
      "rev_date": "2026-05-23T18:24:25Z",
      "scrape_date": "2026-05-26T07:06:28.026811Z",
      "stabilities": [
        "unstable"
      ],
      "unfree": false,
      "version": "24.15.0",
      "outputs_to_install": [
        "out"
      ],
      "outputs": {
        "out": "/nix/store/3mvbmkd7lmxi3xlka1avra24flwbgjv9-nodejs-24.15.0"
      },
      "system": "aarch64-darwin",
      "group": "toplevel",
      "priority": 5
    },
    {
      "attr_path": "nodejs",
      "broken": false,
      "derivation": "/nix/store/lzdf2d8kky8k67nqjv07r9zbcqmihns7-nodejs-24.15.0.drv",
      "description": "Event-driven I/O framework for the V8 JavaScript engine",
      "install_id": "nodejs",
      "license": "MIT",
      "locked_url": "https://github.com/flox/nixpkgs?rev=64c08a7ca051951c8eae34e3e3cb1e202fe36786",
      "name": "nodejs-24.15.0",
      "pname": "nodejs",
      "rev": "64c08a7ca051951c8eae34e3e3cb1e202fe36786",
      "rev_count": 1004030,
      "rev_date": "2026-05-23T18:24:25Z",
      "scrape_date": "2026-05-26T07:35:05.583415Z",
      "stabilities": [
        "unstable"
      ],
      "unfree": false,
      "version": "24.15.0",
      "outputs_to_install": [
        "out"
      ],
      "outputs": {
        "out": "/nix/store/rmdjmd0iy5zlyg0j2i1cd0s7ha1562fs-nodejs-24.15.0"
      },
      "system": "aarch64-linux",
      "group": "toplevel",
      "priority": 5
    },
    {
      "attr_path": "nodejs",
      "broken": false,
      "derivation": "/nix/store/3q3jmp4ahvdy9dr6zhwsd2zhv12nw3d2-nodejs-24.15.0.drv",
      "description": "Event-driven I/O framework for the V8 JavaScript engine",
      "install_id": "nodejs",
      "license": "MIT",
      "locked_url": "https://github.com/flox/nixpkgs?rev=64c08a7ca051951c8eae34e3e3cb1e202fe36786",
      "name": "nodejs-24.15.0",
      "pname": "nodejs",
      "rev": "64c08a7ca051951c8eae34e3e3cb1e202fe36786",
      "rev_count": 1004030,
      "rev_date": "2026-05-23T18:24:25Z",
      "scrape_date": "2026-05-26T08:02:36.816893Z",
      "stabilities": [
        "unstable"
      ],
      "unfree": false,
      "version": "24.15.0",
      "outputs_to_install": [
        "out"
      ],
      "outputs": {
        "out": "/nix/store/rhv8jiklgw2bw4ljh4nm3h3r3bpnkcl3-nodejs-24.15.0"
      },
      "system": "x86_64-darwin",
      "group": "toplevel",
      "priority": 5
    },
    {
      "attr_path": "nodejs",
      "broken": false,
      "derivation": "/nix/store/jk98cvnvcb5adz3d58r8x6zxrvnhlng0-nodejs-24.15.0.drv",
      "description": "Event-driven I/O framework for the V8 JavaScript engine",
      "install_id": "nodejs",
      "license": "MIT",
      "locked_url": "https://github.com/flox/nixpkgs?rev=64c08a7ca051951c8eae34e3e3cb1e202fe36786",
      "name": "nodejs-24.15.0",
      "pname": "nodejs",
      "rev": "64c08a7ca051951c8eae34e3e3cb1e202fe36786",
      "rev_count": 1004030,
      "rev_date": "2026-05-23T18:24:25Z",
      "scrape_date": "2026-05-26T08:33:31.711302Z",
      "stabilities": [
        "unstable"
      ],
      "unfree": false,
      "version": "24.15.0",
      "outputs_to_install": [
        "out"
      ],
      "outputs": {
        "out": "/nix/store/5a8ysg1jnj8jmzzyfcfw7rvpvnp5rfpa-nodejs-24.15.0"
      },
      "system": "x86_64-linux",
      "group": "toplevel",
      "priority": 5
    }
  ]
}
